
Microsoft Visual Studio Solution File, Format Version 12.00
# Visual Studio 15
VisualStudioVersion = 15.0.26124.0
MinimumVisualStudioVersion = 15.0.26124.0
Project("{FAE04EC0-301F-11D3-BF4B-00C04F79EFBC}") = "RacingConsumer", "RacingConsumer\RacingConsumer.csproj", "{67BE9865-1926-4C30-B15A-979EB1ACDC4D}"
EndProject
Project("{FAE04EC0-301F-11D3-BF4B-00C04F79EFBC}") = "Abstractions", "Abstractions\Abstractions.csproj", "{48989591-3755-4848-A2FD-4FC432D0E7A6}"
EndProject
Global
	GlobalSection(SolutionConfigurationPlatforms) = preSolution
		Debug|Any CPU = Debug|Any CPU
		Debug|x64 = Debug|x64
		Debug|x86 = Debug|x86
		Release|Any CPU = Release|Any CPU
		Release|x64 = Release|x64
		Release|x86 = Release|x86
	EndGlobalSection
	GlobalSection(SolutionProperties) = preSolution
		HideSolutionNode = FALSE
	EndGlobalSection
	GlobalSection(ProjectConfigurationPlatforms) = postSolution
		{67BE9865-1926-4C30-B15A-979EB1ACDC4D}.Debug|Any CPU.ActiveCfg = Debug|Any CPU
		{67BE9865-1926-4C30-B15A-979EB1ACDC4D}.Debug|Any CPU.Build.0 = Debug|Any CPU
		{67BE9865-1926-4C30-B15A-979EB1ACDC4D}.Debug|x64.ActiveCfg = Debug|Any CPU
		{67BE9865-1926-4C30-B15A-979EB1ACDC4D}.Debug|x64.Build.0 = Debug|Any CPU
		{67BE9865-1926-4C30-B15A-979EB1ACDC4D}.Debug|x86.ActiveCfg = Debug|Any CPU
		{67BE9865-1926-4C30-B15A-979EB1ACDC4D}.Debug|x86.Build.0 = Debug|Any CPU
		{67BE9865-1926-4C30-B15A-979EB1ACDC4D}.Release|Any CPU.ActiveCfg = Release|Any CPU
		{67BE9865-1926-4C30-B15A-979EB1ACDC4D}.Release|Any CPU.Build.0 = Release|Any CPU
		{67BE9865-1926-4C30-B15A-979EB1ACDC4D}.Release|x64.ActiveCfg = Release|Any CPU
		{67BE9865-1926-4C30-B15A-979EB1ACDC4D}.Release|x64.Build.0 = Release|Any CPU
		{67BE9865-1926-4C30-B15A-979EB1ACDC4D}.Release|x86.ActiveCfg = Release|Any CPU
		{67BE9865-1926-4C30-B15A-979EB1ACDC4D}.Release|x86.Build.0 = Release|Any CPU
		{48989591-3755-4848-A2FD-4FC432D0E7A6}.Debug|Any CPU.ActiveCfg = Debug|Any CPU
		{48989591-3755-4848-A2FD-4FC432D0E7A6}.Debug|Any CPU.Build.0 = Debug|Any CPU
		{48989591-3755-4848-A2FD-4FC432D0E7A6}.Debug|x64.ActiveCfg = Debug|Any CPU
		{48989591-3755-4848-A2FD-4FC432D0E7A6}.Debug|x64.Build.0 = Debug|Any CPU
		{48989591-3755-4848-A2FD-4FC432D0E7A6}.Debug|x86.ActiveCfg = Debug|Any CPU
		{48989591-3755-4848-A2FD-4FC432D0E7A6}.Debug|x86.Build.0 = Debug|Any CPU
		{48989591-3755-4848-A2FD-4FC432D0E7A6}.Release|Any CPU.ActiveCfg = Release|Any CPU
		{48989591-3755-4848-A2FD-4FC432D0E7A6}.Release|Any CPU.Build.0 = Release|Any CPU
		{48989591-3755-4848-A2FD-4FC432D0E7A6}.Release|x64.ActiveCfg = Release|Any CPU
		{48989591-3755-4848-A2FD-4FC432D0E7A6}.Release|x64.Build.0 = Release|Any CPU
		{48989591-3755-4848-A2FD-4FC432D0E7A6}.Release|x86.ActiveCfg = Release|Any CPU
		{48989591-3755-4848-A2FD-4FC432D0E7A6}.Release|x86.Build.0 = Release|Any CPU
	EndGlobalSection
EndGlobal
